// !$*UTF8*$!
{
	archiveVersion = 1;
	classes = {
	};
	objectVersion = 50;
	objects = {

/* Begin PBXBuildFile section */
		74865B722B04AABA00ED214C /* PenguinClickerApp.swift in Sources */ = {isa = PBXBuildFile; fileRef = 74865B712B04AABA00ED214C /* PenguinClickerApp.swift */; };
		74865B762B04AABF00ED214C /* Assets.xcassets in Resources */ = {isa = PBXBuildFile; fileRef = 74865B752B04AABF00ED214C /* Assets.xcassets */; };
		74865B792B04AABF00ED214C /* Preview Assets.xcassets in Resources */ = {isa = PBXBuildFile; fileRef = 74865B782B04AABF00ED214C /* Preview Assets.xcassets */; };
		74865B7B2B04AABF00ED214C /* Persistence.swift in Sources */ = {isa = PBXBuildFile; fileRef = 74865B7A2B04AABF00ED214C /* Persistence.swift */; };
		74865B7E2B04AABF00ED214C /* PenguinClicker.xcdatamodeld in Sources */ = {isa = PBXBuildFile; fileRef = 74865B7C2B04AABF00ED214C /* PenguinClicker.xcdatamodeld */; };
		74CCDC8E2B04B13700843CE2 /* StartMenu.swift in Sources */ = {isa = PBXBuildFile; fileRef = 74CCDC8D2B04B13700843CE2 /* StartMenu.swift */; };
/* End PBXBuildFile section */

/* Begin PBXFileReference section */
		74865B6E2B04AABA00ED214C /* PenguinClicker.app */ = {isa = PBXFileReference; explicitFileType = wrapper.application; includeInIndex = 0; path = PenguinClicker.app; sourceTree = BUILT_PRODUCTS_DIR; };
		74865B712B04AABA00ED214C /* PenguinClickerApp.swift */ = {isa = PBXFileReference; lastKnownFileType = sourcecode.swift; path = PenguinClickerApp.swift; sourceTree = "<group>"; };
		74865B752B04AABF00ED214C /* Assets.xcassets */ = {isa = PBXFileReference; lastKnownFileType = folder.assetcatalog; path = Assets.xcassets; sourceTree = "<group>"; };
		74865B782B04AABF00ED214C /* Preview Assets.xcassets */ = {isa = PBXFileReference; lastKnownFileType = folder.assetcatalog; path = "Preview Assets.xcassets"; sourceTree = "<group>"; };
		74865B7A2B04AABF00ED214C /* Persistence.swift */ = {isa = PBXFileReference; lastKnownFileType = sourcecode.swift; path = Persistence.swift; sourceTree = "<group>"; };
		74865B7D2B04AABF00ED214C /* PenguinClicker.xcdatamodel */ = {isa = PBXFileReference; lastKnownFileType = wrapper.xcdatamodel; path = PenguinClicker.xcdatamodel; sourceTree = "<group>"; };
		74865B7F2B04AABF00ED214C /* Info.plist */ = {isa = PBXFileReference; lastKnownFileType = text.plist.xml; path = Info.plist; sourceTree = "<group>"; };
		74CCDC8D2B04B13700843CE2 /* StartMenu.swift */ = {isa = PBXFileReference; fileEncoding = 4; lastKnownFileType = sourcecode.swift; path = StartMenu.swift; sourceTree = "<group>"; };
/* End PBXFileReference section */

/* Begin PBXFrameworksBuildPhase section */
		74865B6B2B04AABA00ED214C /* Frameworks */ = {
			isa = PBXFrameworksBuildPhase;
			buildActionMask = 2147483647;
			files = (
			);
			runOnlyForDeploymentPostprocessing = 0;
		};
/* End PBXFrameworksBuildPhase section */

/* Begin PBXGroup section */
		74865B652B04AABA00ED214C = {
			isa = PBXGroup;
			children = (
				74865B702B04AABA00ED214C /* PenguinClicker */,
				74865B6F2B04AABA00ED214C /* Products */,
			);
			sourceTree = "<group>";
		};
		74865B6F2B04AABA00ED214C /* Products */ = {
			isa = PBXGroup;
			children = (
				74865B6E2B04AABA00ED214C /* PenguinClicker.app */,
			);
			name = Products;
			sourceTree = "<group>";
		};
		74865B702B04AABA00ED214C /* PenguinClicker */ = {
			isa = PBXGroup;
			children = (
				74CCDC8D2B04B13700843CE2 /* StartMenu.swift */,
				74865B712B04AABA00ED214C /* PenguinClickerApp.swift */,
				74865B752B04AABF00ED214C /* Assets.xcassets */,
				74865B7A2B04AABF00ED214C /* Persistence.swift */,
				74865B7F2B04AABF00ED214C /* Info.plist */,
				74865B7C2B04AABF00ED214C /* PenguinClicker.xcdatamodeld */,
				74865B772B04AABF00ED214C /* Preview Content */,
			);
			path = PenguinClicker;
			sourceTree = "<group>";
		};
		74865B772B04AABF00ED214C /* Preview Content */ = {
			isa = PBXGroup;
			children = (
				74865B782B04AABF00ED214C /* Preview Assets.xcassets */,
			);
			path = "Preview Content";
			sourceTree = "<group>";
		};
/* End PBXGroup section */

/* Begin PBXNativeTarget section */
		74865B6D2B04AABA00ED214C /* PenguinClicker */ = {
			isa = PBXNativeTarget;
			buildConfigurationList = 74865B822B04AABF00ED214C /* Build configuration list for PBXNativeTarget "PenguinClicker" */;
			buildPhases = (
				74865B6A2B04AABA00ED214C /* Sources */,
				74865B6B2B04AABA00ED214C /* Frameworks */,
				74865B6C2B04AABA00ED214C /* Resources */,
			);
			buildRules = (
			);
			dependencies = (
			);
			name = PenguinClicker;
			productName = PenguinClicker;
			productReference = 74865B6E2B04AABA00ED214C /* PenguinClicker.app */;
			productType = "com.apple.product-type.application";
		};
/* End PBXNativeTarget section */

/* Begin PBXProject section */
		74865B662B04AABA00ED214C /* Project object */ = {
			isa = PBXProject;
			attributes = {
				LastSwiftUpdateCheck = 1240;
				LastUpgradeCheck = 1240;
				TargetAttributes = {
					74865B6D2B04AABA00ED214C = {
						CreatedOnToolsVersion = 12.4;
					};
				};
			};
			buildConfigurationList = 74865B692B04AABA00ED214C /* Build configuration list for PBXProject "PenguinClicker" */;
			compatibilityVersion = "Xcode 9.3";
			developmentRegion = en;
			hasScannedForEncodings = 0;
			knownRegions = (
				en,
				Base,
			);
			mainGroup = 74865B652B04AABA00ED214C;
			productRefGroup = 74865B6F2B04AABA00ED214C /* Products */;
			projectDirPath = "";
			projectRoot = "";
			targets = (
				74865B6D2B04AABA00ED214C /* PenguinClicker */,
			);
		};
/* End PBXProject section */

/* Begin PBXResourcesBuildPhase section */
		74865B6C2B04AABA00ED214C /* Resources */ = {
			isa = PBXResourcesBuildPhase;
			buildActionMask = 2147483647;
			files = (
				74865B792B04AABF00ED214C /* Preview Assets.xcassets in Resources */,
				74865B762B04AABF00ED214C /* Assets.xcassets in Resources */,
			);
			runOnlyForDeploymentPostprocessing = 0;
		};
/* End PBXResourcesBuildPhase section */

/* Begin PBXSourcesBuildPhase section */
		74865B6A2B04AABA00ED214C /* Sources */ = {
			isa = PBXSourcesBuildPhase;
			buildActionMask = 2147483647;
			files = (
				74865B7B2B04AABF00ED214C /* Persistence.swift in Sources */,
				74CCDC8E2B04B13700843CE2 /* StartMenu.swift in Sources */,
				74865B7E2B04AABF00ED214C /* PenguinClicker.xcdatamodeld in Sources */,
				74865B722B04AABA00ED214C /* PenguinClickerApp.swift in Sources */,
			);
			runOnlyForDeploymentPostprocessing = 0;
		};
/* End PBXSourcesBuildPhase section */

/* Begin XCBuildConfiguration section */
		74865B802B04AABF00ED214C /* Debug */ = {
			isa = XCBuildConfiguration;
			buildSettings = {
				ALWAYS_SEARCH_USER_PATHS = NO;
				CLANG_ANALYZER_NONNULL = YES;
				CLANG_ANALYZER_NUMBER_OBJECT_CONVERSION = YES_AGGRESSIVE;
				CLANG_CXX_LANGUAGE_STANDARD = "gnu++14";
				CLANG_CXX_LIBRARY = "libc++";
				CLANG_ENABLE_MODULES = YES;
				CLANG_ENABLE_OBJC_ARC = YES;
				CLANG_ENABLE_OBJC_WEAK = YES;
				CLANG_WARN_BLOCK_CAPTURE_AUTORELEASING = YES;
				CLANG_WARN_BOOL_CONVERSION = YES;
				CLANG_WARN_COMMA = YES;
				CLANG_WARN_CONSTANT_CONVERSION = YES;
				CLANG_WARN_DEPRECATED_OBJC_IMPLEMENTATIONS = YES;
				CLANG_WARN_DIRECT_OBJC_ISA_USAGE = YES_ERROR;
				CLANG_WARN_DOCUMENTATION_COMMENTS = YES;
				CLANG_WARN_EMPTY_BODY = YES;
				CLANG_WARN_ENUM_CONVERSION = YES;
				CLANG_WARN_INFINITE_RECURSION = YES;
				CLANG_WARN_INT_CONVERSION = YES;
				CLANG_WARN_NON_LITERAL_NULL_CONVERSION = YES;
				CLANG_WARN_OBJC_IMPLICIT_RETAIN_SELF = YES;
				CLANG_WARN_OBJC_LITERAL_CONVERSION = YES;
				CLANG_WARN_OBJC_ROOT_CLASS = YES_ERROR;
				CLANG_WARN_QUOTED_INCLUDE_IN_FRAMEWORK_HEADER = YES;
				CLANG_WARN_RANGE_LOOP_ANALYSIS = YES;
				CLANG_WARN_STRICT_PROTOTYPES = YES;
				CLANG_WARN_SUSPICIOUS_MOVE = YES;
				CLANG_WARN_UNGUARDED_AVAILABILITY = YES_AGGRESSIVE;
				CLANG_WARN_UNREACHABLE_CODE = YES;
				CLANG_WARN__DUPLICATE_METHOD_MATCH = YES;
				COPY_PHASE_STRIP = NO;
				DEBUG_INFORMATION_FORMAT = dwarf;
				ENABLE_STRICT_OBJC_MSGSEND = YES;
				ENABLE_TESTABILITY = YES;
				GCC_C_LANGUAGE_STANDARD = gnu11;
				GCC_DYNAMIC_NO_PIC = NO;
				GCC_NO_COMMON_BLOCKS = YES;
				GCC_OPTIMIZATION_LEVEL = 0;
				GCC_PREPROCESSOR_DEFINITIONS = (
					"DEBUG=1",
					"$(inherited)",
				);
				GCC_WARN_64_TO_32_BIT_CONVERSION = YES;
				GCC_WARN_ABOUT_RETURN_TYPE = YES_ERROR;
				GCC_WARN_UNDECLARED_SELECTOR = YES;
				GCC_WARN_UNINITIALIZED_AUTOS = YES_AGGRESSIVE;
				GCC_WARN_UNUSED_FUNCTION = YES;
				GCC_WARN_UNUSED_VARIABLE = YES;
				IPHONEOS_DEPLOYMENT_TARGET = 14.4;
				MTL_ENABLE_DEBUG_INFO = INCLUDE_SOURCE;
				MTL_FAST_MATH = YES;
				ONLY_ACTIVE_ARCH = YES;
				SDKROOT = iphoneos;
				SWIFT_ACTIVE_COMPILATION_CONDITIONS = DEBUG;
				SWIFT_OPTIMIZATION_LEVEL = "-Onone";
			};
			name = Debug;
		};
		74865B812B04AABF00ED214C /* Release */ = {
			isa = XCBuildConfiguration;
			buildSettings = {
				ALWAYS_SEARCH_USER_PATHS = NO;
				CLANG_ANALYZER_NONNULL = YES;
				CLANG_ANALYZER_NUMBER_OBJECT_CONVERSION = YES_AGGRESSIVE;
				CLANG_CXX_LANGUAGE_STANDARD = "gnu++14";
				CLANG_CXX_LIBRARY = "libc++";
				CLANG_ENABLE_MODULES = YES;
				CLANG_ENABLE_OBJC_ARC = YES;
				CLANG_ENABLE_OBJC_WEAK = YES;
				CLANG_WARN_BLOCK_CAPTURE_AUTORELEASING = YES;
				CLANG_WARN_BOOL_CONVERSION = YES;
				CLANG_WARN_COMMA = YES;
				CLANG_WARN_CONSTANT_CONVERSION = YES;
				CLANG_WARN_DEPRECATED_OBJC_IMPLEMENTATIONS = YES;
				CLANG_WARN_DIRECT_OBJC_ISA_USAGE = YES_ERROR;
				CLANG_WARN_DOCUMENTATION_COMMENTS = YES;
				CLANG_WARN_EMPTY_BODY = YES;
				CLANG_WARN_ENUM_CONVERSION = YES;
				CLANG_WARN_INFINITE_RECURSION = YES;
				CLANG_WARN_INT_CONVERSION = YES;
				CLANG_WARN_NON_LITERAL_NULL_CONVERSION = YES;
				CLANG_WARN_OBJC_IMPLICIT_RETAIN_SELF = YES;
				CLANG_WARN_OBJC_LITERAL_CONVERSION = YES;
				CLANG_WARN_OBJC_ROOT_CLASS = YES_ERROR;
				CLANG_WARN_QUOTED_INCLUDE_IN_FRAMEWORK_HEADER = YES;
				CLANG_WARN_RANGE_LOOP_ANALYSIS = YES;
				CLANG_WARN_STRICT_PROTOTYPES = YES;
				CLANG_WARN_SUSPICIOUS_MOVE = YES;
				CLANG_WARN_UNGUARDED_AVAILABILITY = YES_AGGRESSIVE;
				CLANG_WARN_UNREACHABLE_CODE = YES;
				CLANG_WARN__DUPLICATE_METHOD_MATCH = YES;
				COPY_PHASE_STRIP = NO;
				DEBUG_INFORMATION_FORMAT = "dwarf-with-dsym";
				ENABLE_NS_ASSERTIONS = NO;
				ENABLE_STRICT_OBJC_MSGSEND = YES;
				GCC_C_LANGUAGE_STANDARD = gnu11;
				GCC_NO_COMMON_BLOCKS = YES;
				GCC_WARN_64_TO_32_BIT_CONVERSION = YES;
				GCC_WARN_ABOUT_RETURN_TYPE = YES_ERROR;
				GCC_WARN_UNDECLARED_SELECTOR = YES;
				GCC_WARN_UNINITIALIZED_AUTOS = YES_AGGRESSIVE;
				GCC_WARN_UNUSED_FUNCTION = YES;
				GCC_WARN_UNUSED_VARIABLE = YES;
				IPHONEOS_DEPLOYMENT_TARGET = 14.4;
				MTL_ENABLE_DEBUG_INFO = NO;
				MTL_FAST_MATH = YES;
				SDKROOT = iphoneos;
				SWIFT_COMPILATION_MODE = wholemodule;
				SWIFT_OPTIMIZATION_LEVEL = "-O";
				VALIDATE_PRODUCT = YES;
			};
			name = Release;
		};
		74865B832B04AABF00ED214C /* Debug */ = {
			isa = XCBuildConfiguration;
			buildSettings = {
				ASSETCATALOG_COMPILER_APPICON_NAME = AppIcon;
				ASSETCATALOG_COMPILER_GLOBAL_ACCENT_COLOR_NAME = AccentColor;
				CODE_SIGN_STYLE = Automatic;
				DEVELOPMENT_ASSET_PATHS = "\"PenguinClicker/Preview Content\"";
				ENABLE_PREVIEWS = YES;
				INFOPLIST_FILE = PenguinClicker/Info.plist;
				IPHONEOS_DEPLOYMENT_TARGET = 14.0;
				LD_RUNPATH_SEARCH_PATHS = (
					"$(inherited)",
					"@executable_path/Frameworks",
				);
				PRODUCT_BUNDLE_IDENTIFIER = SFSU.PenguinClicker;
				PRODUCT_NAME = "$(TARGET_NAME)";
				SWIFT_VERSION = 5.0;
				TARGETED_DEVICE_FAMILY = "1,2";
			};
			name = Debug;
		};
		74865B842B04AABF00ED214C /* Release */ = {
			isa = XCBuildConfiguration;
			buildSettings = {
				ASSETCATALOG_COMPILER_APPICON_NAME = AppIcon;
				ASSETCATALOG_COMPILER_GLOBAL_ACCENT_COLOR_NAME = AccentColor;
				CODE_SIGN_STYLE = Automatic;
				DEVELOPMENT_ASSET_PATHS = "\"PenguinClicker/Preview Content\"";
				ENABLE_PREVIEWS = YES;
				INFOPLIST_FILE = PenguinClicker/Info.plist;
				IPHONEOS_DEPLOYMENT_TARGET = 14.0;
				LD_RUNPATH_SEARCH_PATHS = (
					"$(inherited)",
					"@executable_path/Frameworks",
				);
				PRODUCT_BUNDLE_IDENTIFIER = SFSU.PenguinClicker;
				PRODUCT_NAME = "$(TARGET_NAME)";
				SWIFT_VERSION = 5.0;
				TARGETED_DEVICE_FAMILY = "1,2";
			};
			name = Release;
		};
/* End XCBuildConfiguration section */

/* Begin XCConfigurationList section */
		74865B692B04AABA00ED214C /* Build configuration list for PBXProject "PenguinClicker" */ = {
			isa = XCConfigurationList;
			buildConfigurations = (
				74865B802B04AABF00ED214C /* Debug */,
				74865B812B04AABF00ED214C /* Release */,
			);
			defaultConfigurationIsVisible = 0;
			defaultConfigurationName = Release;
		};
		74865B822B04AABF00ED214C /* Build configuration list for PBXNativeTarget "PenguinClicker" */ = {
			isa = XCConfigurationList;
			buildConfigurations = (
				74865B832B04AABF00ED214C /* Debug */,
				74865B842B04AABF00ED214C /* Release */,
			);
			defaultConfigurationIsVisible = 0;
			defaultConfigurationName = Release;
		};
/* End XCConfigurationList section */

/* Begin XCVersionGroup section */
		74865B7C2B04AABF00ED214C /* PenguinClicker.xcdatamodeld */ = {
			isa = XCVersionGroup;
			children = (
				74865B7D2B04AABF00ED214C /* PenguinClicker.xcdatamodel */,
			);
			currentVersion = 74865B7D2B04AABF00ED214C /* PenguinClicker.xcdatamodel */;
			path = PenguinClicker.xcdatamodeld;
			sourceTree = "<group>";
			versionGroupType = wrapper.xcdatamodel;
		};
/* End XCVersionGroup section */
	};
	rootObject = 74865B662B04AABA00ED214C /* Project object */;
}
